<?xml version="1.0" encoding="utf-8"?>
<Project ToolsVersion="4.0" xmlns="http://schemas.microsoft.com/developer/msbuild/2003">
  <ItemGroup>
    <Filter Include="Externals">
      <UniqueIdentifier>{5beb0312-ab4f-4cd6-beb3-436eb62bfb57}</UniqueIdentifier>
    </Filter>
    <Filter Include="ヘッダー ファイル">
      <UniqueIdentifier>{93995380-89BD-4b04-88EB-625FBE52EBFB}</UniqueIdentifier>
      <Extensions>h;hh;hpp;hxx;h++;hm;inl;inc;ipp;xsd</Extensions>
    </Filter>
    <Filter Include="ヘッダー ファイル\Engine">
      <UniqueIdentifier>{8aa6d229-9980-4e03-944b-03515f4db89e}</UniqueIdentifier>
    </Filter>
    <Filter Include="ヘッダー ファイル\Engine\Audio">
      <UniqueIdentifier>{ab4545ec-8266-4233-80e7-efc812028e33}</UniqueIdentifier>
    </Filter>
    <Filter Include="ヘッダー ファイル\Engine\Core">
      <UniqueIdentifier>{aa91d116-f662-4775-849e-ee889aae1a67}</UniqueIdentifier>
    </Filter>
    <Filter Include="ヘッダー ファイル\Engine\Core\Utility">
      <UniqueIdentifier>{86f1615c-9849-405d-8d67-ff17004244e9}</UniqueIdentifier>
    </Filter>
    <Filter Include="ヘッダー ファイル\Engine\Core\Utility\Logger">
      <UniqueIdentifier>{863d755b-a633-4a8b-8dc9-465e6a9efc41}</UniqueIdentifier>
    </Filter>
    <Filter Include="ヘッダー ファイル\Engine\Core\Utility\Math">
      <UniqueIdentifier>{fa51bb9a-74c9-4251-9936-e7d28382a1c3}</UniqueIdentifier>
    </Filter>
    <Filter Include="ヘッダー ファイル\Engine\Core\Utility\Math\Functions">
      <UniqueIdentifier>{a828ecf2-8748-44f4-9a64-6bb97aa7d1c0}</UniqueIdentifier>
    </Filter>
    <Filter Include="ヘッダー ファイル\Engine\Core\Utility\Math\Matrix">
      <UniqueIdentifier>{803db67d-8a78-4b84-812d-ea1c71d8d8e7}</UniqueIdentifier>
    </Filter>
    <Filter Include="ヘッダー ファイル\Engine\Core\Utility\String">
      <UniqueIdentifier>{f166fe36-2aeb-4746-984c-e2158ffebb59}</UniqueIdentifier>
    </Filter>
    <Filter Include="ヘッダー ファイル\Engine\Graphics">
      <UniqueIdentifier>{42ce63ff-f147-44e7-a8ce-f78f93345277}</UniqueIdentifier>
    </Filter>
    <Filter Include="ヘッダー ファイル\Engine\Graphics\Camera">
      <UniqueIdentifier>{cd6e508c-386c-4ecb-b2bd-146f38d57748}</UniqueIdentifier>
    </Filter>
    <Filter Include="ヘッダー ファイル\Engine\Input">
      <UniqueIdentifier>{c778b6f1-c877-436b-9040-58e48341a5b4}</UniqueIdentifier>
    </Filter>
    <Filter Include="ヘッダー ファイル\Application">
      <UniqueIdentifier>{862256ba-c97e-4356-8cd9-70297f400b69}</UniqueIdentifier>
    </Filter>
    <Filter Include="ヘッダー ファイル\Application\Core">
      <UniqueIdentifier>{a18e12fb-5e6d-46e0-8ae5-c6e78cbfed17}</UniqueIdentifier>
    </Filter>
    <Filter Include="ヘッダー ファイル\Application\System">
      <UniqueIdentifier>{d36b1988-ac33-45ec-ad02-2a7effff55fc}</UniqueIdentifier>
    </Filter>
    <Filter Include="リソース ファイル">
      <UniqueIdentifier>{67DA6AB6-F800-4c08-8B7A-83BB121AAD01}</UniqueIdentifier>
      <Extensions>rc;ico;cur;bmp;dlg;rc2;rct;bin;rgs;gif;jpg;jpeg;jpe;resx;tiff;tif;png;wav;mfcribbon-ms</Extensions>
    </Filter>
    <Filter Include="ソース ファイル">
      <UniqueIdentifier>{4FC737F1-C7A5-4376-A066-2A32D752A2FF}</UniqueIdentifier>
      <Extensions>cpp;c;cc;cxx;c++;cppm;ixx;def;odl;idl;hpj;bat;asm;asmx</Extensions>
    </Filter>
    <Filter Include="ソース ファイル\Engine">
      <UniqueIdentifier>{d1852d7e-be51-41e4-ae1b-1b534d4103d5}</UniqueIdentifier>
    </Filter>
    <Filter Include="ソース ファイル\Engine\Audio">
      <UniqueIdentifier>{a16c9a7b-f4a4-49d2-911e-88613ef0a393}</UniqueIdentifier>
    </Filter>
    <Filter Include="ソース ファイル\Engine\Core">
      <UniqueIdentifier>{944b8650-1849-40b0-8a43-292ef3cfff36}</UniqueIdentifier>
    </Filter>
    <Filter Include="ソース ファイル\Engine\Core\Utility">
      <UniqueIdentifier>{eeb9facf-5b91-4827-83e5-f8ec485665da}</UniqueIdentifier>
    </Filter>
    <Filter Include="ソース ファイル\Engine\Core\Utility\Logger">
      <UniqueIdentifier>{47f6c952-342a-458e-a643-809d89c3f578}</UniqueIdentifier>
    </Filter>
    <Filter Include="ソース ファイル\Engine\Core\Utility\Math">
      <UniqueIdentifier>{f9402e19-b3e3-4f97-ade9-42691276dffa}</UniqueIdentifier>
    </Filter>
    <Filter Include="ソース ファイル\Engine\Core\Utility\Math\Functions">
      <UniqueIdentifier>{dca682b7-575f-428e-ae96-c79236b28a6b}</UniqueIdentifier>
    </Filter>
    <Filter Include="ソース ファイル\Engine\Core\Utility\Math\Matrix">
      <UniqueIdentifier>{b5808d12-350f-45c1-9d53-37813dcd6ad4}</UniqueIdentifier>
    </Filter>
    <Filter Include="ソース ファイル\Engine\Core\Utility\String">
      <UniqueIdentifier>{d221ff9f-af80-49bc-ab54-d94c56e194f4}</UniqueIdentifier>
    </Filter>
    <Filter Include="ソース ファイル\Engine\Graphics">
      <UniqueIdentifier>{944111e9-bea1-4081-93a6-8bc3328b0a8a}</UniqueIdentifier>
    </Filter>
    <Filter Include="ソース ファイル\Engine\Graphics\Camera">
      <UniqueIdentifier>{dbc7dd2b-b62f-4f17-afe8-099093dc53ee}</UniqueIdentifier>
    </Filter>
    <Filter Include="ソース ファイル\Engine\Input">
      <UniqueIdentifier>{b98ed188-303b-4849-9bea-a73f6b7542dc}</UniqueIdentifier>
    </Filter>
    <Filter Include="ソース ファイル\Application">
      <UniqueIdentifier>{032c7491-c146-46ef-930f-01d6b213e9e9}</UniqueIdentifier>
    </Filter>
    <Filter Include="ソース ファイル\Application\Core">
      <UniqueIdentifier>{b58d00ca-5c10-482f-95a5-ab64607fcaf0}</UniqueIdentifier>
    </Filter>
    <Filter Include="ソース ファイル\Application\System">
      <UniqueIdentifier>{db5f62c9-0937-47f7-8fc4-e9eade8bb373}</UniqueIdentifier>
    </Filter>
    <Filter Include="シェーダー ファイル">
      <UniqueIdentifier>{9039fb23-a221-486c-a912-c5a0eb87b545}</UniqueIdentifier>
    </Filter>
    <Filter Include="シェーダー ファイル\Object3d">
      <UniqueIdentifier>{095fbf64-b8d0-4fb9-9b8a-97ec7426a3db}</UniqueIdentifier>
    </Filter>
    <Filter Include="シェーダー ファイル\Particle">
      <UniqueIdentifier>{bffe0745-31f9-488c-a10f-39fe34efe82b}</UniqueIdentifier>
    </Filter>
    <Filter Include="シェーダー ファイル\Sprite">
      <UniqueIdentifier>{21824ac5-7557-4bb5-b6cd-e75d4702c843}</UniqueIdentifier>
    </Filter>
    <Filter Include="ヘッダー ファイル\Engine\Graphics\Sprite">
      <UniqueIdentifier>{dfcc8536-8d84-4967-9f10-ca6778a8b044}</UniqueIdentifier>
    </Filter>
    <Filter Include="ソース ファイル\Engine\Graphics\Sprite">
      <UniqueIdentifier>{ccd546fc-5ad3-4066-baf6-576344ec4427}</UniqueIdentifier>
    </Filter>
    <Filter Include="ソース ファイル\Engine\Graphics\BlendMode">
      <UniqueIdentifier>{1242879f-123e-4f99-9b3a-a23c0105c2ad}</UniqueIdentifier>
    </Filter>
    <Filter Include="ヘッダー ファイル\Engine\Graphics\BlendMode">
      <UniqueIdentifier>{426d7aa0-c88e-45a9-b439-9a90f78e4132}</UniqueIdentifier>
    </Filter>
    <Filter Include="ヘッダー ファイル\Engine\Graphics\Texture">
      <UniqueIdentifier>{11ad8a2d-fbfe-417a-8036-4620f3ccf7b4}</UniqueIdentifier>
    </Filter>
    <Filter Include="ソース ファイル\Engine\Graphics\Texture">
      <UniqueIdentifier>{bda42813-a167-4c3b-8a9a-f8aac3643183}</UniqueIdentifier>
    </Filter>
    <Filter Include="ソース ファイル\Engine\Graphics\Object3d">
      <UniqueIdentifier>{f91f8b02-0072-4e42-9bf9-e1b9d65e26bd}</UniqueIdentifier>
    </Filter>
    <Filter Include="ヘッダー ファイル\Engine\Graphics\Object3d">
      <UniqueIdentifier>{dc479b68-4709-42b9-9c3e-1294806aecb1}</UniqueIdentifier>
    </Filter>
    <Filter Include="ヘッダー ファイル\Engine\Graphics\PSO">
      <UniqueIdentifier>{3275f387-2f83-498f-ac24-7369c9295dc7}</UniqueIdentifier>
    </Filter>
    <Filter Include="ソース ファイル\Engine\Graphics\PSO">
      <UniqueIdentifier>{0882b0a8-c1fe-4ed4-a797-cd8ca2d43778}</UniqueIdentifier>
    </Filter>
    <Filter Include="ソース ファイル\Engine\Graphics\Model">
      <UniqueIdentifier>{74e47adc-c4b5-4496-ad45-9aeb221a561c}</UniqueIdentifier>
    </Filter>
    <Filter Include="ヘッダー ファイル\Engine\Graphics\Model">
      <UniqueIdentifier>{ab838250-838a-43e2-8f64-30bdc5e77840}</UniqueIdentifier>
    </Filter>
    <Filter Include="ソース ファイル\Engine\Graphics\Particle">
      <UniqueIdentifier>{3ad6fb09-e402-4d9c-b28c-670a3547f308}</UniqueIdentifier>
    </Filter>
    <Filter Include="ヘッダー ファイル\Engine\Graphics\Particle">
      <UniqueIdentifier>{5fd3f799-0374-41d8-a397-aae41ad05ba2}</UniqueIdentifier>
    </Filter>
    <Filter Include="ソース ファイル\Engine\Graphics\ImGui">
      <UniqueIdentifier>{001b3a5e-6d0f-44b7-96ec-d58c5360a76c}</UniqueIdentifier>
    </Filter>
    <Filter Include="ヘッダー ファイル\Engine\Graphics\ImGui">
      <UniqueIdentifier>{1fd90e9a-208a-4fe0-bccc-8328e8ff1b81}</UniqueIdentifier>
    </Filter>
    <Filter Include="ヘッダー ファイル\Engine\Graphics\Base">
      <UniqueIdentifier>{7afe623f-94db-486a-a8c0-766cf538b6b8}</UniqueIdentifier>
    </Filter>
    <Filter Include="ソース ファイル\Engine\Graphics\Base">
      <UniqueIdentifier>{ee29514f-b90d-4949-97c4-1353141bfba5}</UniqueIdentifier>
    </Filter>
    <Filter Include="ヘッダー ファイル\Engine\Graphics\Types">
      <UniqueIdentifier>{81bf3d72-75f0-4f8a-8bee-f883b7e2f2fc}</UniqueIdentifier>
    </Filter>
    <Filter Include="ソース ファイル\Application\Scene">
      <UniqueIdentifier>{e3ed1423-285e-4094-83ac-d85eb388ead8}</UniqueIdentifier>
    </Filter>
    <Filter Include="ヘッダー ファイル\Application\Scene">
      <UniqueIdentifier>{83fac5ca-8a08-407d-b68c-b7a3461e6193}</UniqueIdentifier>
    </Filter>
  </ItemGroup>
  <ItemGroup>
    <ClCompile Include="DirectXGame\Engine\Audio\AudioManager.cpp">
      <Filter>ソース ファイル\Engine\Audio</Filter>
    </ClCompile>
    <ClCompile Include="DirectXGame\Engine\Audio\Sound.cpp">
      <Filter>ソース ファイル\Engine\Audio</Filter>
    </ClCompile>
    <ClCompile Include="DirectXGame\Engine\Core\Utility\Logger\Logger.cpp">
      <Filter>ソース ファイル\Engine\Core\Utility\Logger</Filter>
    </ClCompile>
    <ClCompile Include="DirectXGame\Engine\Core\Utility\Math\Functions\MathUtils.cpp">
      <Filter>ソース ファイル\Engine\Core\Utility\Math\Functions</Filter>
    </ClCompile>
    <ClCompile Include="DirectXGame\Engine\Core\Utility\Math\Matrix\MatrixGenerators.cpp">
      <Filter>ソース ファイル\Engine\Core\Utility\Math\Matrix</Filter>
    </ClCompile>
    <ClCompile Include="DirectXGame\Engine\Core\Utility\String\StringUtility.cpp">
      <Filter>ソース ファイル\Engine\Core\Utility\String</Filter>
    </ClCompile>
    <ClCompile Include="DirectXGame\Engine\Graphics\Base\D3DResourceLeakChecker.cpp">
      <Filter>ソース ファイル\Engine\Graphics\Base</Filter>
    </ClCompile>
    <ClCompile Include="DirectXGame\Engine\Graphics\Base\DX12Context.cpp">
      <Filter>ソース ファイル\Engine\Graphics\Base</Filter>
    </ClCompile>
    <ClCompile Include="DirectXGame\Engine\Graphics\Camera\DebugCamera.cpp">
      <Filter>ソース ファイル\Engine\Graphics\Camera</Filter>
    </ClCompile>
    <ClCompile Include="DirectXGame\Engine\Input\Input.cpp">
      <Filter>ソース ファイル\Engine\Input</Filter>
    </ClCompile>
    <ClCompile Include="DirectXGame\Application\System\main.cpp">
      <Filter>ソース ファイル\Application\System</Filter>
    </ClCompile>
    <ClCompile Include="DirectXGame\Engine\Graphics\Sprite\Sprite.cpp">
      <Filter>ソース ファイル\Engine\Graphics\Sprite</Filter>
    </ClCompile>
    <ClCompile Include="DirectXGame\Engine\Graphics\BlendMode\BlendMode.cpp">
      <Filter>ソース ファイル\Engine\Graphics\BlendMode</Filter>
    </ClCompile>
    <ClCompile Include="DirectXGame\Engine\Graphics\Sprite\SpriteCommon.cpp">
      <Filter>ソース ファイル\Engine\Graphics\Sprite</Filter>
    </ClCompile>
    <ClCompile Include="DirectXGame\Engine\Graphics\Texture\TextureManager.cpp">
      <Filter>ソース ファイル\Engine\Graphics\Texture</Filter>
    </ClCompile>
    <ClCompile Include="DirectXGame\Engine\Graphics\Object3d\Object3dCommon.cpp">
      <Filter>ソース ファイル\Engine\Graphics\Object3d</Filter>
    </ClCompile>
    <ClCompile Include="DirectXGame\Engine\Graphics\Object3d\Object3d.cpp">
      <Filter>ソース ファイル\Engine\Graphics\Object3d</Filter>
    </ClCompile>
    <ClCompile Include="DirectXGame\Engine\Graphics\PSO\PipelineManager.cpp">
      <Filter>ソース ファイル\Engine\Graphics\PSO</Filter>
    </ClCompile>
    <ClCompile Include="DirectXGame\Engine\Graphics\Model\Model.cpp">
      <Filter>ソース ファイル\Engine\Graphics\Model</Filter>
    </ClCompile>
    <ClCompile Include="DirectXGame\Engine\Graphics\Model\ModelCommon.cpp">
      <Filter>ソース ファイル\Engine\Graphics\Model</Filter>
    </ClCompile>
    <ClCompile Include="DirectXGame\Engine\Graphics\Model\ModelManager.cpp">
      <Filter>ソース ファイル\Engine\Graphics\Model</Filter>
    </ClCompile>
    <ClCompile Include="DirectXGame\Engine\Graphics\Camera\Camera.cpp">
      <Filter>ソース ファイル\Engine\Graphics\Camera</Filter>
    </ClCompile>
    <ClCompile Include="DirectXGame\Engine\Graphics\Particle\ParticleManager.cpp">
      <Filter>ソース ファイル\Engine\Graphics\Particle</Filter>
    </ClCompile>
    <ClCompile Include="DirectXGame\Engine\Graphics\Particle\ParticleEmitter.cpp">
      <Filter>ソース ファイル\Engine\Graphics\Particle</Filter>
    </ClCompile>
    <ClCompile Include="DirectXGame\Engine\Graphics\ImGui\ImGuiManager.cpp">
      <Filter>ソース ファイル\Engine\Graphics\ImGui</Filter>
    </ClCompile>
    <ClCompile Include="DirectXGame\Engine\Graphics\Base\SrvManager.cpp">
      <Filter>ソース ファイル\Engine\Graphics\Base</Filter>
    </ClCompile>
    <ClCompile Include="DirectXGame\Engine\Graphics\Base\Win32Window.cpp">
      <Filter>ソース ファイル\Engine\Graphics\Base</Filter>
    </ClCompile>
    <ClCompile Include="DirectXGame\Engine\Graphics\Light\LightManager.cpp">
      <Filter>ソース ファイル</Filter>
    </ClCompile>
    <ClCompile Include="DirectXGame\Engine\Scene\SceneManager.cpp">
      <Filter>ソース ファイル</Filter>
    </ClCompile>
    <ClCompile Include="DirectXGame\Engine\Scene\SceneFactory.cpp">
      <Filter>ソース ファイル</Filter>
    </ClCompile>
    <ClCompile Include="DirectXGame\Engine\Graphics\SkyBox\SkyBox.cpp">
      <Filter>ソース ファイル</Filter>
    </ClCompile>
    <ClCompile Include="DirectXGame\Engine\Graphics\Texture\RenderTexture.cpp">
      <Filter>ソース ファイル</Filter>
    </ClCompile>
    <ClCompile Include="DirectXGame\Engine\Level\LevelLoader.cpp">
      <Filter>ソース ファイル</Filter>
    </ClCompile>
    <ClCompile Include="DirectXGame\Application\Scene\EnemyProjectile.cpp">
      <Filter>ソース ファイル</Filter>
    </ClCompile>
    <ClCompile Include="DirectXGame\Application\Scene\GamePlayScene.cpp">
      <Filter>ソース ファイル\Application\Scene</Filter>
    </ClCompile>
    <ClCompile Include="DirectXGame\Application\Scene\TitleScene.cpp">
      <Filter>ソース ファイル\Application\Scene</Filter>
    </ClCompile>
    <ClCompile Include="DirectXGame\Application\Scene\ShootingScene.cpp">
      <Filter>ソース ファイル\Application\Scene</Filter>
    </ClCompile>
    <ClCompile Include="DirectXGame\Application\Core\RAFramework.cpp">
      <Filter>ソース ファイル\Application\Core</Filter>
    </ClCompile>
    <ClCompile Include="DirectXGame\Application\Core\MyGame.cpp">
      <Filter>ソース ファイル\Application\Core</Filter>
    </ClCompile>
    <ClCompile Include="DirectXGame\Engine\Graphics\PSO\PostProcessManager.cpp">
      <Filter>ソース ファイル</Filter>
    </ClCompile>
    <ClCompile Include="DirectXGame\Engine\Graphics\Particle\ParticleShape.cpp">
      <Filter>ソース ファイル</Filter>
    </ClCompile>
    <ClCompile Include="DirectXGame\Application\Scene\GameOverScene.cpp">
      <Filter>ソース ファイル</Filter>
    </ClCompile>
    <ClCompile Include="DirectXGame\Application\Scene\ClearScene.cpp">
      <Filter>ソース ファイル</Filter>
    </ClCompile>
    <ClCompile Include="DirectXGame\Engine\Graphics\Swarm\SwarmManager.cpp">
      <Filter>ソース ファイル</Filter>
    </ClCompile>
  </ItemGroup>
  <ItemGroup>
    <ClInclude Include="DirectXGame\Engine\Audio\AudioManager.h">
      <Filter>ヘッダー ファイル\Engine\Audio</Filter>
    </ClInclude>
    <ClInclude Include="DirectXGame\Engine\Audio\Sound.h">
      <Filter>ヘッダー ファイル\Engine\Audio</Filter>
    </ClInclude>
    <ClInclude Include="DirectXGame\Engine\Core\Utility\Logger\Logger.h">
      <Filter>ヘッダー ファイル\Engine\Core\Utility\Logger</Filter>
    </ClInclude>
    <ClInclude Include="DirectXGame\Engine\Core\Utility\Math\Functions\MathUtils.h">
      <Filter>ヘッダー ファイル\Engine\Core\Utility\Math\Functions</Filter>
    </ClInclude>
    <ClInclude Include="DirectXGame\Engine\Core\Utility\Math\Matrix\MatrixGenerators.h">
      <Filter>ヘッダー ファイル\Engine\Core\Utility\Math\Matrix</Filter>
    </ClInclude>
    <ClInclude Include="DirectXGame\Engine\Core\Utility\Math\MathTypes.h">
      <Filter>ヘッダー ファイル\Engine\Core\Utility\Math</Filter>
    </ClInclude>
    <ClInclude Include="DirectXGame\Engine\Core\Utility\String\StringUtility.h">
      <Filter>ヘッダー ファイル\Engine\Core\Utility\String</Filter>
    </ClInclude>
    <ClInclude Include="DirectXGame\Engine\Graphics\Base\DX12Context.h">
      <Filter>ヘッダー ファイル\Engine\Graphics\Base</Filter>
    </ClInclude>
    <ClInclude Include="DirectXGame\Engine\Graphics\Camera\DebugCamera.h">
      <Filter>ヘッダー ファイル\Engine\Graphics\Camera</Filter>
    </ClInclude>
    <ClInclude Include="DirectXGame\Engine\Input\Input.h">
      <Filter>ヘッダー ファイル\Engine\Input</Filter>
    </ClInclude>
    <ClInclude Include="DirectXGame\Engine\Graphics\Base\D3DResourceLeakChecker.h">
      <Filter>ヘッダー ファイル\Engine\Graphics\Base</Filter>
    </ClInclude>
    <ClInclude Include="DirectXGame\Application\Core\ApplicationConfig.h">
      <Filter>ヘッダー ファイル\Application\Core</Filter>
    </ClInclude>
    <ClInclude Include="DirectXGame\Engine\Graphics\Sprite\Sprite.h">
      <Filter>ヘッダー ファイル\Engine\Graphics\Sprite</Filter>
    </ClInclude>
    <ClInclude Include="DirectXGame\Engine\Graphics\Sprite\SpriteCommon.h">
      <Filter>ヘッダー ファイル\Engine\Graphics\Sprite</Filter>
    </ClInclude>
    <ClInclude Include="DirectXGame\Engine\Graphics\BlendMode\BlendMode.h">
      <Filter>ヘッダー ファイル\Engine\Graphics\BlendMode</Filter>
    </ClInclude>
    <ClInclude Include="DirectXGame\Engine\Graphics\Texture\TextureManager.h">
      <Filter>ヘッダー ファイル\Engine\Graphics\Texture</Filter>
    </ClInclude>
    <ClInclude Include="DirectXGame\Engine\Graphics\Object3d\Object3dCommon.h">
      <Filter>ヘッダー ファイル\Engine\Graphics\Object3d</Filter>
    </ClInclude>
    <ClInclude Include="DirectXGame\Engine\Graphics\Object3d\Object3d.h">
      <Filter>ヘッダー ファイル\Engine\Graphics\Object3d</Filter>
    </ClInclude>
    <ClInclude Include="DirectXGame\Engine\Graphics\PSO\PipelineManager.h">
      <Filter>ヘッダー ファイル\Engine\Graphics\PSO</Filter>
    </ClInclude>
    <ClInclude Include="DirectXGame\Engine\Graphics\Model\Model.h">
      <Filter>ヘッダー ファイル\Engine\Graphics\Model</Filter>
    </ClInclude>
    <ClInclude Include="DirectXGame\Engine\Graphics\Model\ModelCommon.h">
      <Filter>ヘッダー ファイル\Engine\Graphics\Model</Filter>
    </ClInclude>
    <ClInclude Include="DirectXGame\Engine\Graphics\Model\ModelManager.h">
      <Filter>ヘッダー ファイル\Engine\Graphics\Model</Filter>
    </ClInclude>
    <ClInclude Include="DirectXGame\Engine\Graphics\Camera\Camera.h">
      <Filter>ヘッダー ファイル\Engine\Graphics\Camera</Filter>
    </ClInclude>
    <ClInclude Include="DirectXGame\Engine\Graphics\Particle\ParticleManager.h">
      <Filter>ヘッダー ファイル\Engine\Graphics\Particle</Filter>
    </ClInclude>
    <ClInclude Include="DirectXGame\Engine\Graphics\Particle\ParticleEmitter.h">
      <Filter>ヘッダー ファイル\Engine\Graphics\Particle</Filter>
    </ClInclude>
    <ClInclude Include="DirectXGame\Engine\Graphics\ImGui\ImGuiManager.h">
      <Filter>ヘッダー ファイル\Engine\Graphics\ImGui</Filter>
    </ClInclude>
    <ClInclude Include="DirectXGame\Engine\Graphics\Base\SrvManager.h">
      <Filter>ヘッダー ファイル\Engine\Graphics\Base</Filter>
    </ClInclude>
    <ClInclude Include="DirectXGame\Engine\Graphics\Types\GraphicsTypes.h">
      <Filter>ヘッダー ファイル\Engine\Graphics\Types</Filter>
    </ClInclude>
    <ClInclude Include="DirectXGame\Engine\Graphics\Types\LightTypes.h">
      <Filter>ヘッダー ファイル\Engine\Graphics\Types</Filter>
    </ClInclude>
    <ClInclude Include="DirectXGame\Engine\Graphics\Types\ModelTypes.h">
      <Filter>ヘッダー ファイル\Engine\Graphics\Types</Filter>
    </ClInclude>
    <ClInclude Include="DirectXGame\Engine\Graphics\Types\ParticleTypes.h">
      <Filter>ヘッダー ファイル\Engine\Graphics\Types</Filter>
    </ClInclude>
    <ClInclude Include="DirectXGame\Engine\Graphics\Base\Win32Window.h">
      <Filter>ヘッダー ファイル\Engine\Graphics\Base</Filter>
    </ClInclude>
    <ClInclude Include="DirectXGame\Engine\Graphics\Light\LightManager.h">
      <Filter>ヘッダー ファイル</Filter>
    </ClInclude>
    <ClInclude Include="DirectXGame\Engine\Scene\IScene.h">
      <Filter>ヘッダー ファイル</Filter>
    </ClInclude>
    <ClInclude Include="DirectXGame\Engine\Scene\SceneManager.h">
      <Filter>ヘッダー ファイル</Filter>
    </ClInclude>
    <ClInclude Include="DirectXGame\Engine\Scene\BaseScene.h">
      <Filter>ヘッダー ファイル</Filter>
    </ClInclude>
    <ClInclude Include="DirectXGame\Engine\Scene\AbstractSceneFactory.h">
      <Filter>ヘッダー ファイル</Filter>
    </ClInclude>
    <ClInclude Include="DirectXGame\Engine\Scene\SceneFactory.h">
      <Filter>ヘッダー ファイル</Filter>
    </ClInclude>
    <ClInclude Include="DirectXGame\Engine\Graphics\SkyBox\SkyBox.h">
      <Filter>ヘッダー ファイル</Filter>
    </ClInclude>
    <ClInclude Include="DirectXGame\Engine\Graphics\Texture\RenderTexture.h">
      <Filter>ヘッダー ファイル</Filter>
    </ClInclude>
    <ClInclude Include="DirectXGame\Engine\Level\LevelLoader.h">
      <Filter>ヘッダー ファイル</Filter>
    </ClInclude>
    <ClInclude Include="DirectXGame\Application\Scene\EnemyProjectile.h">
      <Filter>ヘッダー ファイル</Filter>
    </ClInclude>
    <ClInclude Include="DirectXGame\Application\Scene\TitleScene.h">
      <Filter>ヘッダー ファイル\Application\Scene</Filter>
    </ClInclude>
    <ClInclude Include="DirectXGame\Application\Scene\ShootingScene.h">
      <Filter>ヘッダー ファイル\Application\Scene</Filter>
    </ClInclude>
    <ClInclude Include="DirectXGame\Application\Scene\GamePlayScene.h">
      <Filter>ヘッダー ファイル\Application\Scene</Filter>
    </ClInclude>
    <ClInclude Include="DirectXGame\Application\Core\MyGame.h">
      <Filter>ヘッダー ファイル\Application\Core</Filter>
    </ClInclude>
    <ClInclude Include="DirectXGame\Application\Core\RAFramework.h">
      <Filter>ヘッダー ファイル\Application\Core</Filter>
    </ClInclude>
    <ClInclude Include="DirectXGame\Engine\Graphics\PSO\PostProcessManager.h">
      <Filter>ヘッダー ファイル</Filter>
    </ClInclude>
    <ClInclude Include="DirectXGame\Engine\Graphics\Particle\ParticleShape.h">
      <Filter>ヘッダー ファイル</Filter>
    </ClInclude>
    <ClInclude Include="DirectXGame\Application\Scene\GameOverScene.h">
      <Filter>ヘッダー ファイル</Filter>
    </ClInclude>
    <ClInclude Include="DirectXGame\Application\Scene\ClearScene.h">
      <Filter>ヘッダー ファイル</Filter>
    </ClInclude>
    <ClInclude Include="DirectXGame\Engine\Graphics\Swarm\SwarmTypes.h">
      <Filter>ヘッダー ファイル</Filter>
    </ClInclude>
    <ClInclude Include="DirectXGame\Engine\Graphics\Swarm\SwarmManager.h">
      <Filter>ヘッダー ファイル</Filter>
    </ClInclude>
  </ItemGroup>
  <ItemGroup>
    <None Include="Resources\Shaders\Common.hlsli">
      <Filter>シェーダー ファイル</Filter>
    </None>
    <None Include="Resources\Shaders\Fullscreen.hlsli">
      <Filter>シェーダー ファイル</Filter>
    </None>
    <None Include="Resources\Shaders\Lighting.hlsli">
      <Filter>シェーダー ファイル</Filter>
    </None>
    <None Include="Resources\Shaders\Particle.hlsli">
      <Filter>シェーダー ファイル</Filter>
    </None>
    <None Include="Resources\Shaders\SpriteCommon.hlsli">
      <Filter>シェーダー ファイル</Filter>
    </None>
    <None Include="Resources\Shaders\Object3dCommon.hlsli">
      <Filter>シェーダー ファイル\Object3d</Filter>
    </None>
    <None Include="Resources\Shaders\Skybox.hlsli">
      <Filter>シェーダー ファイル\Object3d</Filter>
    </None>
    <None Include="Resources\Shaders\Utility\HSV.hlsli" />
    <None Include="Resources\Shaders\Swarm\SwarmCommon.hlsli">
      <Filter>シェーダー ファイル</Filter>
    </None>
    <None Include="Resources\Shaders\Swarm\SwarmSimulate.CS.hlsl">
      <Filter>シェーダー ファイル</Filter>
    </None>
    <None Include="Resources\Shaders\Swarm\SwarmDraw.VS.hlsl">
      <Filter>シェーダー ファイル</Filter>
    </None>
    <None Include="Resources\Shaders\Swarm\SwarmDraw.PS.hlsl">
      <Filter>シェーダー ファイル</Filter>
    </None>
  </ItemGroup>
  <ItemGroup>
    <FxCompile Include="Resources\Shaders\Object3d.PS.hlsl">
      <Filter>シェーダー ファイル\Object3d</Filter>
    </FxCompile>
    <FxCompile Include="Resources\Shaders\Object3d.VS.hlsl">
      <Filter>シェーダー ファイル\Object3d</Filter>
    </FxCompile>
    <FxCompile Include="Resources\Shaders\Particle.PS.hlsl">
      <Filter>シェーダー ファイル\Particle</Filter>
    </FxCompile>
    <FxCompile Include="Resources\Shaders\Particle.VS.hlsl">
      <Filter>シェーダー ファイル\Particle</Filter>
    </FxCompile>
    <FxCompile Include="Resources\Shaders\Sprite.PS.hlsl">
      <Filter>シェーダー ファイル\Sprite</Filter>
    </FxCompile>
    <FxCompile Include="Resources\Shaders\Sprite.VS.hlsl">
      <Filter>シェーダー ファイル\Sprite</Filter>
    </FxCompile>
    <FxCompile Include="Resources\Shaders\CopyImage.PS.hlsl">
      <Filter>シェーダー ファイル</Filter>
    </FxCompile>
    <FxCompile Include="Resources\Shaders\Fullscreen.VS.hlsl">
      <Filter>シェーダー ファイル</Filter>
    </FxCompile>
    <FxCompile Include="Resources\Shaders\Grayscale.PS.hlsl">
      <Filter>シェーダー ファイル</Filter>
    </FxCompile>
    <FxCompile Include="Resources\Shaders\PostProcess.PS.hlsl">
      <Filter>シェーダー ファイル</Filter>
    </FxCompile>
    <FxCompile Include="Resources\Shaders\PostProcess.VS.hlsl">
      <Filter>シェーダー ファイル</Filter>
    </FxCompile>
    <FxCompile Include="Resources\Shaders\Skybox.PS.hlsl">
      <Filter>シェーダー ファイル\Object3d</Filter>
    </FxCompile>
    <FxCompile Include="Resources\Shaders\Skybox.VS.hlsl">
      <Filter>シェーダー ファイル\Object3d</Filter>
    </FxCompile>
    <FxCompile Include="Resources\Shaders\Vignette.PS.hlsl" />
    <FxCompile Include="Resources\Shaders\Smoothing.PS.hlsl" />
    <FxCompile Include="Resources\Shaders\GaussianBlur.PS.hlsl" />
    <FxCompile Include="Resources\Shaders\Outline.PS.hlsl" />
    <FxCompile Include="Resources\Shaders\RadialBlur.PS.hlsl" />
    <FxCompile Include="Resources\Shaders\Dissolve.PS.hlsl" />
    <FxCompile Include="Resources\Shaders\Random.PS.hlsl" />
  </ItemGroup>
</Project>